
Microsoft Visual Studio Solution File, Format Version 12.00
# Visual Studio Version 16
VisualStudioVersion = 16.0.31313.79
MinimumVisualStudioVersion = 10.0.40219.1
Project("{FAE04EC0-301F-11D3-BF4B-00C04F79EFBC}") = "AtomBUCDriver", "AtomBUCDriver\AtomBUCDriver.csproj", "{817C7989-882B-47B8-BB1E-9E08AA3579D7}"
EndProject
Global
	GlobalSection(SolutionConfigurationPlatforms) = preSolution
		Debug|Any CPU = Debug|Any CPU
		Release|Any CPU = Release|Any CPU
	EndGlobalSection
	GlobalSection(ProjectConfigurationPlatforms) = postSolution
		{817C7989-882B-47B8-BB1E-9E08AA3579D7}.Debug|Any CPU.ActiveCfg = Debug|Any CPU
		{817C7989-882B-47B8-BB1E-9E08AA3579D7}.Debug|Any CPU.Build.0 = Debug|Any CPU
		{817C7989-882B-47B8-BB1E-9E08AA3579D7}.Release|Any CPU.ActiveCfg = Release|Any CPU
		{817C7989-882B-47B8-BB1E-9E08AA3579D7}.Release|Any CPU.Build.0 = Release|Any CPU
	EndGlobalSection
	GlobalSection(SolutionProperties) = preSolution
		HideSolutionNode = FALSE
	EndGlobalSection
	GlobalSection(ExtensibilityGlobals) = postSolution
		SolutionGuid = {1832DC8D-D9EC-4C59-B42C-788FEA533B9A}
	EndGlobalSection
EndGlobal
